
Microsoft Visual Studio Solution File, Format Version 12.00
# Visual Studio 15
VisualStudioVersion = 15.0.26228.4
MinimumVisualStudioVersion = 10.0.40219.1
Project("{2150E333-8FDC-42A3-9474-1A3956D46DE8}") = "Solution Items", "Solution Items", "{264C6A31-429B-4FDB-8A66-CF436CA09CB5}"
EndProject
Project("{2150E333-8FDC-42A3-9474-1A3956D46DE8}") = "Source", "Source", "{5312F628-CA1D-4280-9C47-CCF101137464}"
EndProject
Project("{2150E333-8FDC-42A3-9474-1A3956D46DE8}") = "Content", "Content", "{862C16E9-DF5E-4AF1-B72B-DB9214C9B885}"
EndProject
Project("{2150E333-8FDC-42A3-9474-1A3956D46DE8}") = "TemplateEngines", "TemplateEngines", "{44C0F9F4-CAB8-4C8A-B82A-20770EDBB2A7}"
EndProject
Project("{2150E333-8FDC-42A3-9474-1A3956D46DE8}") = "Caching", "Caching", "{1EE97803-37FD-4A45-A62B-4B004AAB9E7E}"
EndProject
Project("{FAE04EC0-301F-11D3-BF4B-00C04F79EFBC}") = "Kooboo.CMS.Sites", "Kooboo.CMS.Sites\Kooboo.CMS.Sites.csproj", "{FFD8E9F0-61B6-4B0D-A803-5BECCD2A6578}"
EndProject
Project("{FAE04EC0-301F-11D3-BF4B-00C04F79EFBC}") = "Kooboo.CMS.Content", "Kooboo.CMS.Content\Kooboo.CMS.Content\Kooboo.CMS.Content.csproj", "{C5A5186D-6F8E-4BB9-AF0E-74F0993B48DA}"
EndProject
Project("{FAE04EC0-301F-11D3-BF4B-00C04F79EFBC}") = "Kooboo.CMS.Account", "Kooboo.CMS.Account\Kooboo.CMS.Account.csproj", "{61ED004C-9E20-4680-AF2B-0723FE7648BB}"
EndProject
Project("{FAE04EC0-301F-11D3-BF4B-00C04F79EFBC}") = "Kooboo.CMS.Sites.TemplateEngines.Razor", "Kooboo.CMS.SitesProviders\Kooboo.CMS.Sites.TemplateEngines.Razor\Kooboo.CMS.Sites.TemplateEngines.Razor.csproj", "{982CFB5C-93CA-4164-9502-FCEC338524A3}"
EndProject
Project("{FAE04EC0-301F-11D3-BF4B-00C04F79EFBC}") = "Kooboo.CMS.Form", "Kooboo.CMS.Form\Kooboo.CMS.Form.csproj", "{C4F32215-EFAD-45C9-8276-6126681C3589}"
EndProject
Project("{FAE04EC0-301F-11D3-BF4B-00C04F79EFBC}") = "Kooboo.CMS.Caching", "Kooboo.CMS.Caching\Kooboo.CMS.Caching.csproj", "{570CD9D3-75D2-468A-8245-45BDCA57432E}"
EndProject
Project("{FAE04EC0-301F-11D3-BF4B-00C04F79EFBC}") = "Kooboo.CMS.Search", "Kooboo.CMS.Search\Kooboo.CMS.Search.csproj", "{C7B73E67-D226-41CB-A86D-410276B265A1}"
EndProject
Project("{FAE04EC0-301F-11D3-BF4B-00C04F79EFBC}") = "Kooboo.CMS.Common", "Kooboo.CMS.Common\Kooboo.CMS.Common.csproj", "{AB6DDE14-EEB6-4497-80A0-D148A0A692B5}"
EndProject
Project("{FAE04EC0-301F-11D3-BF4B-00C04F79EFBC}") = "Kooboo.CMS.Common.Runtime.Dependency.Ninject", "Kooboo.CMS.Common.Runtime.Dependency.Ninject\Kooboo.CMS.Common.Runtime.Dependency.Ninject.csproj", "{94A4A4BA-F5EB-44CB-9CD3-B240B80CE686}"
EndProject
Project("{FAE04EC0-301F-11D3-BF4B-00C04F79EFBC}") = "Kooboo", "Kooboo\Kooboo.csproj", "{347E47E5-3132-4BAD-B935-8282A2B16CF5}"
EndProject
Project("{FAE04EC0-301F-11D3-BF4B-00C04F79EFBC}") = "Kooboo.CMS.Membership", "Kooboo.CMS.Membership\Kooboo.CMS.Membership.csproj", "{3DF23643-4BD1-4564-82B9-9EC594AD05B6}"
EndProject
Project("{FAE04EC0-301F-11D3-BF4B-00C04F79EFBC}") = "Kooboo.CMS.Web.Mono", "Kooboo.CMS.Web\Kooboo.CMS.Web.Mono.csproj", "{F8F74EEC-0088-41F0-8B3E-7F3552E3C2C6}"
EndProject
Global
	GlobalSection(SolutionConfigurationPlatforms) = preSolution
		Debug|Any CPU = Debug|Any CPU
		EmailValidator|Any CPU = EmailValidator|Any CPU
		Mono|Any CPU = Mono|Any CPU
		Publish|Any CPU = Publish|Any CPU
		Release|Any CPU = Release|Any CPU
	EndGlobalSection
	GlobalSection(ProjectConfigurationPlatforms) = postSolution
		{FFD8E9F0-61B6-4B0D-A803-5BECCD2A6578}.Debug|Any CPU.ActiveCfg = Release|Any CPU
		{FFD8E9F0-61B6-4B0D-A803-5BECCD2A6578}.Debug|Any CPU.Build.0 = Release|Any CPU
		{FFD8E9F0-61B6-4B0D-A803-5BECCD2A6578}.EmailValidator|Any CPU.ActiveCfg = Debug|Any CPU
		{FFD8E9F0-61B6-4B0D-A803-5BECCD2A6578}.EmailValidator|Any CPU.Build.0 = Debug|Any CPU
		{FFD8E9F0-61B6-4B0D-A803-5BECCD2A6578}.Mono|Any CPU.ActiveCfg = Mono|Any CPU
		{FFD8E9F0-61B6-4B0D-A803-5BECCD2A6578}.Mono|Any CPU.Build.0 = Mono|Any CPU
		{FFD8E9F0-61B6-4B0D-A803-5BECCD2A6578}.Publish|Any CPU.ActiveCfg = Debug|Any CPU
		{FFD8E9F0-61B6-4B0D-A803-5BECCD2A6578}.Publish|Any CPU.Build.0 = Debug|Any CPU
		{FFD8E9F0-61B6-4B0D-A803-5BECCD2A6578}.Release|Any CPU.ActiveCfg = Release|Any CPU
		{FFD8E9F0-61B6-4B0D-A803-5BECCD2A6578}.Release|Any CPU.Build.0 = Release|Any CPU
		{C5A5186D-6F8E-4BB9-AF0E-74F0993B48DA}.Debug|Any CPU.ActiveCfg = Release|Any CPU
		{C5A5186D-6F8E-4BB9-AF0E-74F0993B48DA}.Debug|Any CPU.Build.0 = Release|Any CPU
		{C5A5186D-6F8E-4BB9-AF0E-74F0993B48DA}.EmailValidator|Any CPU.ActiveCfg = Debug|Any CPU
		{C5A5186D-6F8E-4BB9-AF0E-74F0993B48DA}.EmailValidator|Any CPU.Build.0 = Debug|Any CPU
		{C5A5186D-6F8E-4BB9-AF0E-74F0993B48DA}.Mono|Any CPU.ActiveCfg = Mono|Any CPU
		{C5A5186D-6F8E-4BB9-AF0E-74F0993B48DA}.Mono|Any CPU.Build.0 = Mono|Any CPU
		{C5A5186D-6F8E-4BB9-AF0E-74F0993B48DA}.Publish|Any CPU.ActiveCfg = Debug|Any CPU
		{C5A5186D-6F8E-4BB9-AF0E-74F0993B48DA}.Publish|Any CPU.Build.0 = Debug|Any CPU
		{C5A5186D-6F8E-4BB9-AF0E-74F0993B48DA}.Release|Any CPU.ActiveCfg = Release|Any CPU
		{C5A5186D-6F8E-4BB9-AF0E-74F0993B48DA}.Release|Any CPU.Build.0 = Release|Any CPU
		{61ED004C-9E20-4680-AF2B-0723FE7648BB}.Debug|Any CPU.ActiveCfg = Release|Any CPU
		{61ED004C-9E20-4680-AF2B-0723FE7648BB}.Debug|Any CPU.Build.0 = Release|Any CPU
		{61ED004C-9E20-4680-AF2B-0723FE7648BB}.EmailValidator|Any CPU.ActiveCfg = Debug|Any CPU
		{61ED004C-9E20-4680-AF2B-0723FE7648BB}.EmailValidator|Any CPU.Build.0 = Debug|Any CPU
		{61ED004C-9E20-4680-AF2B-0723FE7648BB}.Mono|Any CPU.ActiveCfg = Mono|Any CPU
		{61ED004C-9E20-4680-AF2B-0723FE7648BB}.Mono|Any CPU.Build.0 = Mono|Any CPU
		{61ED004C-9E20-4680-AF2B-0723FE7648BB}.Publish|Any CPU.ActiveCfg = Debug|Any CPU
		{61ED004C-9E20-4680-AF2B-0723FE7648BB}.Publish|Any CPU.Build.0 = Debug|Any CPU
		{61ED004C-9E20-4680-AF2B-0723FE7648BB}.Release|Any CPU.ActiveCfg = Release|Any CPU
		{61ED004C-9E20-4680-AF2B-0723FE7648BB}.Release|Any CPU.Build.0 = Release|Any CPU
		{982CFB5C-93CA-4164-9502-FCEC338524A3}.Debug|Any CPU.ActiveCfg = Release|Any CPU
		{982CFB5C-93CA-4164-9502-FCEC338524A3}.Debug|Any CPU.Build.0 = Release|Any CPU
		{982CFB5C-93CA-4164-9502-FCEC338524A3}.EmailValidator|Any CPU.ActiveCfg = Debug|Any CPU
		{982CFB5C-93CA-4164-9502-FCEC338524A3}.EmailValidator|Any CPU.Build.0 = Debug|Any CPU
		{982CFB5C-93CA-4164-9502-FCEC338524A3}.Mono|Any CPU.ActiveCfg = Mono|Any CPU
		{982CFB5C-93CA-4164-9502-FCEC338524A3}.Mono|Any CPU.Build.0 = Mono|Any CPU
		{982CFB5C-93CA-4164-9502-FCEC338524A3}.Publish|Any CPU.ActiveCfg = Debug|Any CPU
		{982CFB5C-93CA-4164-9502-FCEC338524A3}.Publish|Any CPU.Build.0 = Debug|Any CPU
		{982CFB5C-93CA-4164-9502-FCEC338524A3}.Release|Any CPU.ActiveCfg = Release|Any CPU
		{982CFB5C-93CA-4164-9502-FCEC338524A3}.Release|Any CPU.Build.0 = Release|Any CPU
		{C4F32215-EFAD-45C9-8276-6126681C3589}.Debug|Any CPU.ActiveCfg = Release|Any CPU
		{C4F32215-EFAD-45C9-8276-6126681C3589}.Debug|Any CPU.Build.0 = Release|Any CPU
		{C4F32215-EFAD-45C9-8276-6126681C3589}.EmailValidator|Any CPU.ActiveCfg = Debug|Any CPU
		{C4F32215-EFAD-45C9-8276-6126681C3589}.EmailValidator|Any CPU.Build.0 = Debug|Any CPU
		{C4F32215-EFAD-45C9-8276-6126681C3589}.Mono|Any CPU.ActiveCfg = Mono|Any CPU
		{C4F32215-EFAD-45C9-8276-6126681C3589}.Mono|Any CPU.Build.0 = Mono|Any CPU
		{C4F32215-EFAD-45C9-8276-6126681C3589}.Publish|Any CPU.ActiveCfg = Debug|Any CPU
		{C4F32215-EFAD-45C9-8276-6126681C3589}.Publish|Any CPU.Build.0 = Debug|Any CPU
		{C4F32215-EFAD-45C9-8276-6126681C3589}.Release|Any CPU.ActiveCfg = Release|Any CPU
		{C4F32215-EFAD-45C9-8276-6126681C3589}.Release|Any CPU.Build.0 = Release|Any CPU
		{570CD9D3-75D2-468A-8245-45BDCA57432E}.Debug|Any CPU.ActiveCfg = Release|Any CPU
		{570CD9D3-75D2-468A-8245-45BDCA57432E}.Debug|Any CPU.Build.0 = Release|Any CPU
		{570CD9D3-75D2-468A-8245-45BDCA57432E}.EmailValidator|Any CPU.ActiveCfg = Debug|Any CPU
		{570CD9D3-75D2-468A-8245-45BDCA57432E}.EmailValidator|Any CPU.Build.0 = Debug|Any CPU
		{570CD9D3-75D2-468A-8245-45BDCA57432E}.Mono|Any CPU.ActiveCfg = Mono|Any CPU
		{570CD9D3-75D2-468A-8245-45BDCA57432E}.Mono|Any CPU.Build.0 = Mono|Any CPU
		{570CD9D3-75D2-468A-8245-45BDCA57432E}.Publish|Any CPU.ActiveCfg = Debug|Any CPU
		{570CD9D3-75D2-468A-8245-45BDCA57432E}.Publish|Any CPU.Build.0 = Debug|Any CPU
		{570CD9D3-75D2-468A-8245-45BDCA57432E}.Release|Any CPU.ActiveCfg = Release|Any CPU
		{570CD9D3-75D2-468A-8245-45BDCA57432E}.Release|Any CPU.Build.0 = Release|Any CPU
		{C7B73E67-D226-41CB-A86D-410276B265A1}.Debug|Any CPU.ActiveCfg = Release|Any CPU
		{C7B73E67-D226-41CB-A86D-410276B265A1}.Debug|Any CPU.Build.0 = Release|Any CPU
		{C7B73E67-D226-41CB-A86D-410276B265A1}.EmailValidator|Any CPU.ActiveCfg = Debug|Any CPU
		{C7B73E67-D226-41CB-A86D-410276B265A1}.EmailValidator|Any CPU.Build.0 = Debug|Any CPU
		{C7B73E67-D226-41CB-A86D-410276B265A1}.Mono|Any CPU.ActiveCfg = Mono|Any CPU
		{C7B73E67-D226-41CB-A86D-410276B265A1}.Mono|Any CPU.Build.0 = Mono|Any CPU
		{C7B73E67-D226-41CB-A86D-410276B265A1}.Publish|Any CPU.ActiveCfg = Debug|Any CPU
		{C7B73E67-D226-41CB-A86D-410276B265A1}.Publish|Any CPU.Build.0 = Debug|Any CPU
		{C7B73E67-D226-41CB-A86D-410276B265A1}.Release|Any CPU.ActiveCfg = Release|Any CPU
		{C7B73E67-D226-41CB-A86D-410276B265A1}.Release|Any CPU.Build.0 = Release|Any CPU
		{AB6DDE14-EEB6-4497-80A0-D148A0A692B5}.Debug|Any CPU.ActiveCfg = Release|Any CPU
		{AB6DDE14-EEB6-4497-80A0-D148A0A692B5}.Debug|Any CPU.Build.0 = Release|Any CPU
		{AB6DDE14-EEB6-4497-80A0-D148A0A692B5}.EmailValidator|Any CPU.ActiveCfg = Debug|Any CPU
		{AB6DDE14-EEB6-4497-80A0-D148A0A692B5}.EmailValidator|Any CPU.Build.0 = Debug|Any CPU
		{AB6DDE14-EEB6-4497-80A0-D148A0A692B5}.Mono|Any CPU.ActiveCfg = Mono|Any CPU
		{AB6DDE14-EEB6-4497-80A0-D148A0A692B5}.Mono|Any CPU.Build.0 = Mono|Any CPU
		{AB6DDE14-EEB6-4497-80A0-D148A0A692B5}.Publish|Any CPU.ActiveCfg = Debug|Any CPU
		{AB6DDE14-EEB6-4497-80A0-D148A0A692B5}.Publish|Any CPU.Build.0 = Debug|Any CPU
		{AB6DDE14-EEB6-4497-80A0-D148A0A692B5}.Release|Any CPU.ActiveCfg = Release|Any CPU
		{AB6DDE14-EEB6-4497-80A0-D148A0A692B5}.Release|Any CPU.Build.0 = Release|Any CPU
		{94A4A4BA-F5EB-44CB-9CD3-B240B80CE686}.Debug|Any CPU.ActiveCfg = Release|Any CPU
		{94A4A4BA-F5EB-44CB-9CD3-B240B80CE686}.Debug|Any CPU.Build.0 = Release|Any CPU
		{94A4A4BA-F5EB-44CB-9CD3-B240B80CE686}.EmailValidator|Any CPU.ActiveCfg = Release|Any CPU
		{94A4A4BA-F5EB-44CB-9CD3-B240B80CE686}.Mono|Any CPU.ActiveCfg = Mono|Any CPU
		{94A4A4BA-F5EB-44CB-9CD3-B240B80CE686}.Mono|Any CPU.Build.0 = Mono|Any CPU
		{94A4A4BA-F5EB-44CB-9CD3-B240B80CE686}.Publish|Any CPU.ActiveCfg = Release|Any CPU
		{94A4A4BA-F5EB-44CB-9CD3-B240B80CE686}.Release|Any CPU.ActiveCfg = Release|Any CPU
		{94A4A4BA-F5EB-44CB-9CD3-B240B80CE686}.Release|Any CPU.Build.0 = Release|Any CPU
		{347E47E5-3132-4BAD-B935-8282A2B16CF5}.Debug|Any CPU.ActiveCfg = Release|Any CPU
		{347E47E5-3132-4BAD-B935-8282A2B16CF5}.Debug|Any CPU.Build.0 = Release|Any CPU
		{347E47E5-3132-4BAD-B935-8282A2B16CF5}.EmailValidator|Any CPU.ActiveCfg = EmailValidator|Any CPU
		{347E47E5-3132-4BAD-B935-8282A2B16CF5}.EmailValidator|Any CPU.Build.0 = EmailValidator|Any CPU
		{347E47E5-3132-4BAD-B935-8282A2B16CF5}.Mono|Any CPU.ActiveCfg = Mono|Any CPU
		{347E47E5-3132-4BAD-B935-8282A2B16CF5}.Mono|Any CPU.Build.0 = Mono|Any CPU
		{347E47E5-3132-4BAD-B935-8282A2B16CF5}.Publish|Any CPU.ActiveCfg = Publish|Any CPU
		{347E47E5-3132-4BAD-B935-8282A2B16CF5}.Publish|Any CPU.Build.0 = Publish|Any CPU
		{347E47E5-3132-4BAD-B935-8282A2B16CF5}.Release|Any CPU.ActiveCfg = Release|Any CPU
		{347E47E5-3132-4BAD-B935-8282A2B16CF5}.Release|Any CPU.Build.0 = Release|Any CPU
		{3DF23643-4BD1-4564-82B9-9EC594AD05B6}.Debug|Any CPU.ActiveCfg = Release|Any CPU
		{3DF23643-4BD1-4564-82B9-9EC594AD05B6}.Debug|Any CPU.Build.0 = Release|Any CPU
		{3DF23643-4BD1-4564-82B9-9EC594AD05B6}.EmailValidator|Any CPU.ActiveCfg = Release|Any CPU
		{3DF23643-4BD1-4564-82B9-9EC594AD05B6}.EmailValidator|Any CPU.Build.0 = Release|Any CPU
		{3DF23643-4BD1-4564-82B9-9EC594AD05B6}.Mono|Any CPU.ActiveCfg = Mono|Any CPU
		{3DF23643-4BD1-4564-82B9-9EC594AD05B6}.Mono|Any CPU.Build.0 = Mono|Any CPU
		{3DF23643-4BD1-4564-82B9-9EC594AD05B6}.Publish|Any CPU.ActiveCfg = Release|Any CPU
		{3DF23643-4BD1-4564-82B9-9EC594AD05B6}.Publish|Any CPU.Build.0 = Release|Any CPU
		{3DF23643-4BD1-4564-82B9-9EC594AD05B6}.Release|Any CPU.ActiveCfg = Release|Any CPU
		{3DF23643-4BD1-4564-82B9-9EC594AD05B6}.Release|Any CPU.Build.0 = Release|Any CPU
		{F8F74EEC-0088-41F0-8B3E-7F3552E3C2C6}.Debug|Any CPU.ActiveCfg = Debug|Any CPU
		{F8F74EEC-0088-41F0-8B3E-7F3552E3C2C6}.Debug|Any CPU.Build.0 = Debug|Any CPU
		{F8F74EEC-0088-41F0-8B3E-7F3552E3C2C6}.EmailValidator|Any CPU.ActiveCfg = Release|Any CPU
		{F8F74EEC-0088-41F0-8B3E-7F3552E3C2C6}.EmailValidator|Any CPU.Build.0 = Release|Any CPU
		{F8F74EEC-0088-41F0-8B3E-7F3552E3C2C6}.Mono|Any CPU.ActiveCfg = Mono|Any CPU
		{F8F74EEC-0088-41F0-8B3E-7F3552E3C2C6}.Mono|Any CPU.Build.0 = Mono|Any CPU
		{F8F74EEC-0088-41F0-8B3E-7F3552E3C2C6}.Publish|Any CPU.ActiveCfg = Release|Any CPU
		{F8F74EEC-0088-41F0-8B3E-7F3552E3C2C6}.Publish|Any CPU.Build.0 = Release|Any CPU
		{F8F74EEC-0088-41F0-8B3E-7F3552E3C2C6}.Release|Any CPU.ActiveCfg = Release|Any CPU
		{F8F74EEC-0088-41F0-8B3E-7F3552E3C2C6}.Release|Any CPU.Build.0 = Release|Any CPU
	EndGlobalSection
	GlobalSection(SolutionProperties) = preSolution
		HideSolutionNode = FALSE
	EndGlobalSection
	GlobalSection(NestedProjects) = preSolution
		{862C16E9-DF5E-4AF1-B72B-DB9214C9B885} = {5312F628-CA1D-4280-9C47-CCF101137464}
		{44C0F9F4-CAB8-4C8A-B82A-20770EDBB2A7} = {5312F628-CA1D-4280-9C47-CCF101137464}
		{1EE97803-37FD-4A45-A62B-4B004AAB9E7E} = {5312F628-CA1D-4280-9C47-CCF101137464}
		{FFD8E9F0-61B6-4B0D-A803-5BECCD2A6578} = {5312F628-CA1D-4280-9C47-CCF101137464}
		{C5A5186D-6F8E-4BB9-AF0E-74F0993B48DA} = {862C16E9-DF5E-4AF1-B72B-DB9214C9B885}
		{61ED004C-9E20-4680-AF2B-0723FE7648BB} = {5312F628-CA1D-4280-9C47-CCF101137464}
		{982CFB5C-93CA-4164-9502-FCEC338524A3} = {44C0F9F4-CAB8-4C8A-B82A-20770EDBB2A7}
		{C4F32215-EFAD-45C9-8276-6126681C3589} = {5312F628-CA1D-4280-9C47-CCF101137464}
		{570CD9D3-75D2-468A-8245-45BDCA57432E} = {1EE97803-37FD-4A45-A62B-4B004AAB9E7E}
		{C7B73E67-D226-41CB-A86D-410276B265A1} = {5312F628-CA1D-4280-9C47-CCF101137464}
		{AB6DDE14-EEB6-4497-80A0-D148A0A692B5} = {5312F628-CA1D-4280-9C47-CCF101137464}
		{94A4A4BA-F5EB-44CB-9CD3-B240B80CE686} = {5312F628-CA1D-4280-9C47-CCF101137464}
		{347E47E5-3132-4BAD-B935-8282A2B16CF5} = {5312F628-CA1D-4280-9C47-CCF101137464}
		{3DF23643-4BD1-4564-82B9-9EC594AD05B6} = {5312F628-CA1D-4280-9C47-CCF101137464}
		{F8F74EEC-0088-41F0-8B3E-7F3552E3C2C6} = {5312F628-CA1D-4280-9C47-CCF101137464}
	EndGlobalSection
EndGlobal
